
Microsoft Visual Studio Solution File, Format Version 12.00
# Visual Studio Version 16
VisualStudioVersion = 16.0.29806.167
MinimumVisualStudioVersion = 10.0.40219.1
Project("{9A19103F-16F7-4668-BE54-9A1E7A4F7556}") = "Nuclear.TestSite", "Nuclear.TestSite\Nuclear.TestSite.csproj", "{669BC379-28C9-4145-A616-DB8FA8F176AB}"
EndProject
Project("{9A19103F-16F7-4668-BE54-9A1E7A4F7556}") = "Nuclear.TestSite.Contracts", "Nuclear.TestSite.Contracts\Nuclear.TestSite.Contracts.csproj", "{875B29D3-EF77-436D-B576-D888B31F91B4}"
EndProject
Project("{2150E333-8FDC-42A3-9474-1A3956D46DE8}") = "Solution Items", "Solution Items", "{BF0AA3D6-6D5E-47E3-B9BF-D3746FE47F04}"
	ProjectSection(SolutionItems) = preProject
		Configurations.targets = Configurations.targets
		publish.ps1 = publish.ps1
	EndProjectSection
EndProject
Project("{9A19103F-16F7-4668-BE54-9A1E7A4F7556}") = "Nuclear.TestSite.uTests", "Nuclear.TestSite.uTests\Nuclear.TestSite.uTests.csproj", "{F89556C3-11B8-4229-B1B6-23B31703A28D}"
EndProject
Project("{9A19103F-16F7-4668-BE54-9A1E7A4F7556}") = "Nuclear.TestSite.iTests", "Nuclear.TestSite.iTests\Nuclear.TestSite.iTests.csproj", "{31B2AD52-9359-4B0D-B9D4-3A27B2331CA5}"
EndProject
Project("{9A19103F-16F7-4668-BE54-9A1E7A4F7556}") = "Nuclear.TestSite.Dummies", "Nuclear.TestSite.Dummies\Nuclear.TestSite.Dummies.csproj", "{04448A2F-9120-4360-B304-AB66278AAE52}"
EndProject
Global
	GlobalSection(SolutionConfigurationPlatforms) = preSolution
		Debug|Any CPU = Debug|Any CPU
		Integration|Any CPU = Integration|Any CPU
		Release|Any CPU = Release|Any CPU
	EndGlobalSection
	GlobalSection(ProjectConfigurationPlatforms) = postSolution
		{669BC379-28C9-4145-A616-DB8FA8F176AB}.Debug|Any CPU.ActiveCfg = Debug|Any CPU
		{669BC379-28C9-4145-A616-DB8FA8F176AB}.Debug|Any CPU.Build.0 = Debug|Any CPU
		{669BC379-28C9-4145-A616-DB8FA8F176AB}.Integration|Any CPU.ActiveCfg = Integration|Any CPU
		{669BC379-28C9-4145-A616-DB8FA8F176AB}.Integration|Any CPU.Build.0 = Integration|Any CPU
		{669BC379-28C9-4145-A616-DB8FA8F176AB}.Release|Any CPU.ActiveCfg = Release|Any CPU
		{669BC379-28C9-4145-A616-DB8FA8F176AB}.Release|Any CPU.Build.0 = Release|Any CPU
		{875B29D3-EF77-436D-B576-D888B31F91B4}.Debug|Any CPU.ActiveCfg = Debug|Any CPU
		{875B29D3-EF77-436D-B576-D888B31F91B4}.Debug|Any CPU.Build.0 = Debug|Any CPU
		{875B29D3-EF77-436D-B576-D888B31F91B4}.Integration|Any CPU.ActiveCfg = Integration|Any CPU
		{875B29D3-EF77-436D-B576-D888B31F91B4}.Integration|Any CPU.Build.0 = Integration|Any CPU
		{875B29D3-EF77-436D-B576-D888B31F91B4}.Release|Any CPU.ActiveCfg = Release|Any CPU
		{875B29D3-EF77-436D-B576-D888B31F91B4}.Release|Any CPU.Build.0 = Release|Any CPU
		{F89556C3-11B8-4229-B1B6-23B31703A28D}.Debug|Any CPU.ActiveCfg = Debug|Any CPU
		{F89556C3-11B8-4229-B1B6-23B31703A28D}.Debug|Any CPU.Build.0 = Debug|Any CPU
		{F89556C3-11B8-4229-B1B6-23B31703A28D}.Integration|Any CPU.ActiveCfg = Integration|Any CPU
		{F89556C3-11B8-4229-B1B6-23B31703A28D}.Integration|Any CPU.Build.0 = Integration|Any CPU
		{F89556C3-11B8-4229-B1B6-23B31703A28D}.Release|Any CPU.ActiveCfg = Release|Any CPU
		{F89556C3-11B8-4229-B1B6-23B31703A28D}.Release|Any CPU.Build.0 = Release|Any CPU
		{31B2AD52-9359-4B0D-B9D4-3A27B2331CA5}.Debug|Any CPU.ActiveCfg = Debug|Any CPU
		{31B2AD52-9359-4B0D-B9D4-3A27B2331CA5}.Debug|Any CPU.Build.0 = Debug|Any CPU
		{31B2AD52-9359-4B0D-B9D4-3A27B2331CA5}.Integration|Any CPU.ActiveCfg = Integration|Any CPU
		{31B2AD52-9359-4B0D-B9D4-3A27B2331CA5}.Integration|Any CPU.Build.0 = Integration|Any CPU
		{31B2AD52-9359-4B0D-B9D4-3A27B2331CA5}.Release|Any CPU.ActiveCfg = Release|Any CPU
		{31B2AD52-9359-4B0D-B9D4-3A27B2331CA5}.Release|Any CPU.Build.0 = Release|Any CPU
		{04448A2F-9120-4360-B304-AB66278AAE52}.Debug|Any CPU.ActiveCfg = Debug|Any CPU
		{04448A2F-9120-4360-B304-AB66278AAE52}.Debug|Any CPU.Build.0 = Debug|Any CPU
		{04448A2F-9120-4360-B304-AB66278AAE52}.Integration|Any CPU.ActiveCfg = Integration|Any CPU
		{04448A2F-9120-4360-B304-AB66278AAE52}.Integration|Any CPU.Build.0 = Integration|Any CPU
		{04448A2F-9120-4360-B304-AB66278AAE52}.Release|Any CPU.ActiveCfg = Release|Any CPU
		{04448A2F-9120-4360-B304-AB66278AAE52}.Release|Any CPU.Build.0 = Release|Any CPU
	EndGlobalSection
	GlobalSection(SolutionProperties) = preSolution
		HideSolutionNode = FALSE
	EndGlobalSection
	GlobalSection(ExtensibilityGlobals) = postSolution
		SolutionGuid = {A51C0A60-3605-475E-ADE0-9E8EAA034DD9}
	EndGlobalSection
EndGlobal
